{
  "name": "react-webpack-rails-tutorial",
  "version": "0.0.1",
  "lockfileVersion": 2,
  "requires": true,
  "packages": {
    "": {
      "name": "react-webpack-rails-tutorial",
      "version": "0.0.1",
      "hasInstallScript": true,
      "engines": {
        "node": "6.9.0",
        "npm": "4.1.1"
      }
    }
  }
}
